
Microsoft Visual Studio Solution File, Format Version 12.00
# Visual Studio Version 17
VisualStudioVersion = 17.3.32901.215
MinimumVisualStudioVersion = 10.0.40219.1
Project("{FAE04EC0-301F-11D3-BF4B-00C04F79EFBC}") = "Dapper_CRUD_Example", "Dapper_CRUD_Example\Dapper_CRUD_Example.csproj", "{3D2385AF-77EA-448E-8C6C-C2D0B007425B}"
EndProject
Global
	GlobalSection(SolutionConfigurationPlatforms) = preSolution
		Debug|Any CPU = Debug|Any CPU
		Release|Any CPU = Release|Any CPU
	EndGlobalSection
	GlobalSection(ProjectConfigurationPlatforms) = postSolution
		{3D2385AF-77EA-448E-8C6C-C2D0B007425B}.Debug|Any CPU.ActiveCfg = Debug|Any CPU
		{3D2385AF-77EA-448E-8C6C-C2D0B007425B}.Debug|Any CPU.Build.0 = Debug|Any CPU
		{3D2385AF-77EA-448E-8C6C-C2D0B007425B}.Release|Any CPU.ActiveCfg = Release|Any CPU
		{3D2385AF-77EA-448E-8C6C-C2D0B007425B}.Release|Any CPU.Build.0 = Release|Any CPU
	EndGlobalSection
	GlobalSection(SolutionProperties) = preSolution
		HideSolutionNode = FALSE
	EndGlobalSection
	GlobalSection(ExtensibilityGlobals) = postSolution
		SolutionGuid = {724C39E9-C2C2-46FE-83A0-AC51FBF4691B}
	EndGlobalSection
EndGlobal
